
Microsoft Visual Studio Solution File, Format Version 12.00
# Visual Studio Version 17
VisualStudioVersion = 17.14.36203.30
MinimumVisualStudioVersion = 10.0.40219.1
Project("{FAE04EC0-301F-11D3-BF4B-00C04F79EFBC}") = "WebApplication3", "WebApplication3\WebApplication3.csproj", "{04E1F4B5-BED4-45C3-B260-5DBB65D0CE32}"
EndProject
Global
	GlobalSection(SolutionConfigurationPlatforms) = preSolution
		Debug|Any CPU = Debug|Any CPU
		Release|Any CPU = Release|Any CPU
	EndGlobalSection
	GlobalSection(ProjectConfigurationPlatforms) = postSolution
		{04E1F4B5-BED4-45C3-B260-5DBB65D0CE32}.Debug|Any CPU.ActiveCfg = Debug|Any CPU
		{04E1F4B5-BED4-45C3-B260-5DBB65D0CE32}.Debug|Any CPU.Build.0 = Debug|Any CPU
		{04E1F4B5-BED4-45C3-B260-5DBB65D0CE32}.Release|Any CPU.ActiveCfg = Release|Any CPU
		{04E1F4B5-BED4-45C3-B260-5DBB65D0CE32}.Release|Any CPU.Build.0 = Release|Any CPU
	EndGlobalSection
	GlobalSection(SolutionProperties) = preSolution
		HideSolutionNode = FALSE
	EndGlobalSection
	GlobalSection(ExtensibilityGlobals) = postSolution
		SolutionGuid = {BFDE078B-6D7F-4D2E-93BB-300F695B737E}
	EndGlobalSection
EndGlobal
